
Microsoft Visual Studio Solution File, Format Version 12.00
# Visual Studio Version 17
VisualStudioVersion = 17.5.002.0
MinimumVisualStudioVersion = 10.0.40219.1
Project("{9A19103F-16F7-4668-BE54-9A1E7A4F7556}") = "Clientes.Api", "Clientes.Api.csproj", "{C45A9A6F-62E3-46A6-A9D3-C2A774E6AE16}"
EndProject
Global
	GlobalSection(SolutionConfigurationPlatforms) = preSolution
		Debug|Any CPU = Debug|Any CPU
		Release|Any CPU = Release|Any CPU
	EndGlobalSection
	GlobalSection(ProjectConfigurationPlatforms) = postSolution
		{C45A9A6F-62E3-46A6-A9D3-C2A774E6AE16}.Debug|Any CPU.ActiveCfg = Debug|Any CPU
		{C45A9A6F-62E3-46A6-A9D3-C2A774E6AE16}.Debug|Any CPU.Build.0 = Debug|Any CPU
		{C45A9A6F-62E3-46A6-A9D3-C2A774E6AE16}.Release|Any CPU.ActiveCfg = Release|Any CPU
		{C45A9A6F-62E3-46A6-A9D3-C2A774E6AE16}.Release|Any CPU.Build.0 = Release|Any CPU
	EndGlobalSection
	GlobalSection(SolutionProperties) = preSolution
		HideSolutionNode = FALSE
	EndGlobalSection
	GlobalSection(ExtensibilityGlobals) = postSolution
		SolutionGuid = {D18DAF88-DA8D-4D17-9BE0-9974098F417C}
	EndGlobalSection
EndGlobal
